
Microsoft Visual Studio Solution File, Format Version 12.00
# Visual Studio 2013
VisualStudioVersion = 12.0.30501.0
MinimumVisualStudioVersion = 10.0.40219.1
Project("{FAE04EC0-301F-11D3-BF4B-00C04F79EFBC}") = "MvxFragmentsAndHamburger", "Droid\MvxFragmentsAndHamburger.csproj", "{33552960-FDEB-4BD9-A583-4CE0A1B82EEC}"
EndProject
Project("{FAE04EC0-301F-11D3-BF4B-00C04F79EFBC}") = "Core", "Core\Core.csproj", "{EB268FDD-4974-4D00-83E5-C7A3865C2B01}"
EndProject
Global
	GlobalSection(SolutionConfigurationPlatforms) = preSolution
		Debug|Any CPU = Debug|Any CPU
		Release|Any CPU = Release|Any CPU
	EndGlobalSection
	GlobalSection(ProjectConfigurationPlatforms) = postSolution
		{33552960-FDEB-4BD9-A583-4CE0A1B82EEC}.Debug|Any CPU.ActiveCfg = Debug|Any CPU
		{33552960-FDEB-4BD9-A583-4CE0A1B82EEC}.Debug|Any CPU.Build.0 = Debug|Any CPU
		{33552960-FDEB-4BD9-A583-4CE0A1B82EEC}.Debug|Any CPU.Deploy.0 = Debug|Any CPU
		{33552960-FDEB-4BD9-A583-4CE0A1B82EEC}.Release|Any CPU.ActiveCfg = Release|Any CPU
		{33552960-FDEB-4BD9-A583-4CE0A1B82EEC}.Release|Any CPU.Build.0 = Release|Any CPU
		{33552960-FDEB-4BD9-A583-4CE0A1B82EEC}.Release|Any CPU.Deploy.0 = Release|Any CPU
		{EB268FDD-4974-4D00-83E5-C7A3865C2B01}.Debug|Any CPU.ActiveCfg = Debug|Any CPU
		{EB268FDD-4974-4D00-83E5-C7A3865C2B01}.Debug|Any CPU.Build.0 = Debug|Any CPU
		{EB268FDD-4974-4D00-83E5-C7A3865C2B01}.Release|Any CPU.ActiveCfg = Release|Any CPU
		{EB268FDD-4974-4D00-83E5-C7A3865C2B01}.Release|Any CPU.Build.0 = Release|Any CPU
	EndGlobalSection
	GlobalSection(SolutionProperties) = preSolution
		HideSolutionNode = FALSE
	EndGlobalSection
EndGlobal
